// !$*UTF8*$!
{
	archiveVersion = 1;
	classes = {
	};
	objectVersion = 46;
	objects = {

/* Begin PBXBuildFile section */
		DC5447371DDEAFEA006C1149 /* img.jpeg in Resources */ = {isa = PBXBuildFile; fileRef = DC5447361DDEAFEA006C1149 /* img.jpeg */; };
		DC9028C71DDEACF700FE4F16 /* avata1.jpg in Resources */ = {isa = PBXBuildFile; fileRef = DC9028C61DDEACF700FE4F16 /* avata1.jpg */; };
		DCA9B6961DDDF611007BE9DC /* AppDelegate.swift in Sources */ = {isa = PBXBuildFile; fileRef = DCA9B6951DDDF611007BE9DC /* AppDelegate.swift */; };
		DCA9B6981DDDF611007BE9DC /* ViewController.swift in Sources */ = {isa = PBXBuildFile; fileRef = DCA9B6971DDDF611007BE9DC /* ViewController.swift */; };
		DCA9B69B1DDDF611007BE9DC /* Main.storyboard in Resources */ = {isa = PBXBuildFile; fileRef = DCA9B6991DDDF611007BE9DC /* Main.storyboard */; };
		DCA9B69D1DDDF611007BE9DC /* Assets.xcassets in Resources */ = {isa = PBXBuildFile; fileRef = DCA9B69C1DDDF611007BE9DC /* Assets.xcassets */; };
		DCA9B6A01DDDF611007BE9DC /* LaunchScreen.storyboard in Resources */ = {isa = PBXBuildFile; fileRef = DCA9B69E1DDDF611007BE9DC /* LaunchScreen.storyboard */; };
		DCA9B6B41DDDF7AB007BE9DC /* angry.png in Resources */ = {isa = PBXBuildFile; fileRef = DCA9B6A81DDDF7AB007BE9DC /* angry.png */; };
		DCA9B6B71DDDF7AB007BE9DC /* comment.png in Resources */ = {isa = PBXBuildFile; fileRef = DCA9B6AB1DDDF7AB007BE9DC /* comment.png */; };
		DCA9B6B81DDDF7AB007BE9DC /* greyLike.png in Resources */ = {isa = PBXBuildFile; fileRef = DCA9B6AC1DDDF7AB007BE9DC /* greyLike.png */; };
		DCA9B6B91DDDF7AB007BE9DC /* haha.png in Resources */ = {isa = PBXBuildFile; fileRef = DCA9B6AD1DDDF7AB007BE9DC /* haha.png */; };
		DCA9B6BA1DDDF7AB007BE9DC /* img.png in Resources */ = {isa = PBXBuildFile; fileRef = DCA9B6AE1DDDF7AB007BE9DC /* img.png */; };
		DCA9B6BB1DDDF7AB007BE9DC /* like.png in Resources */ = {isa = PBXBuildFile; fileRef = DCA9B6AF1DDDF7AB007BE9DC /* like.png */; };
		DCA9B6BC1DDDF7AB007BE9DC /* love.png in Resources */ = {isa = PBXBuildFile; fileRef = DCA9B6B01DDDF7AB007BE9DC /* love.png */; };
		DCA9B6BD1DDDF7AB007BE9DC /* sad.png in Resources */ = {isa = PBXBuildFile; fileRef = DCA9B6B11DDDF7AB007BE9DC /* sad.png */; };
		DCA9B6BE1DDDF7AB007BE9DC /* share.png in Resources */ = {isa = PBXBuildFile; fileRef = DCA9B6B21DDDF7AB007BE9DC /* share.png */; };
		DCA9B6BF1DDDF7AB007BE9DC /* wow.png in Resources */ = {isa = PBXBuildFile; fileRef = DCA9B6B31DDDF7AB007BE9DC /* wow.png */; };
		DCB330DB1DDEB87200D19F9C /* Popoer_ViewController.swift in Sources */ = {isa = PBXBuildFile; fileRef = DCB330DA1DDEB87200D19F9C /* Popoer_ViewController.swift */; };
/* End PBXBuildFile section */

/* Begin PBXFileReference section */
		DC5447361DDEAFEA006C1149 /* img.jpeg */ = {isa = PBXFileReference; lastKnownFileType = image.jpeg; path = img.jpeg; sourceTree = "<group>"; };
		DC9028C61DDEACF700FE4F16 /* avata1.jpg */ = {isa = PBXFileReference; lastKnownFileType = image.jpeg; path = avata1.jpg; sourceTree = "<group>"; };
		DCA9B6921DDDF611007BE9DC /* Pver.app */ = {isa = PBXFileReference; explicitFileType = wrapper.application; includeInIndex = 0; path = Pver.app; sourceTree = BUILT_PRODUCTS_DIR; };
		DCA9B6951DDDF611007BE9DC /* AppDelegate.swift */ = {isa = PBXFileReference; lastKnownFileType = sourcecode.swift; path = AppDelegate.swift; sourceTree = "<group>"; };
		DCA9B6971DDDF611007BE9DC /* ViewController.swift */ = {isa = PBXFileReference; lastKnownFileType = sourcecode.swift; path = ViewController.swift; sourceTree = "<group>"; };
		DCA9B69A1DDDF611007BE9DC /* Base */ = {isa = PBXFileReference; lastKnownFileType = file.storyboard; name = Base; path = Base.lproj/Main.storyboard; sourceTree = "<group>"; };
		DCA9B69C1DDDF611007BE9DC /* Assets.xcassets */ = {isa = PBXFileReference; lastKnownFileType = folder.assetcatalog; path = Assets.xcassets; sourceTree = "<group>"; };
		DCA9B69F1DDDF611007BE9DC /* Base */ = {isa = PBXFileReference; lastKnownFileType = file.storyboard; name = Base; path = Base.lproj/LaunchScreen.storyboard; sourceTree = "<group>"; };
		DCA9B6A11DDDF611007BE9DC /* Info.plist */ = {isa = PBXFileReference; lastKnownFileType = text.plist.xml; path = Info.plist; sourceTree = "<group>"; };
		DCA9B6A81DDDF7AB007BE9DC /* angry.png */ = {isa = PBXFileReference; lastKnownFileType = image.png; path = angry.png; sourceTree = "<group>"; };
		DCA9B6AB1DDDF7AB007BE9DC /* comment.png */ = {isa = PBXFileReference; lastKnownFileType = image.png; path = comment.png; sourceTree = "<group>"; };
		DCA9B6AC1DDDF7AB007BE9DC /* greyLike.png */ = {isa = PBXFileReference; lastKnownFileType = image.png; path = greyLike.png; sourceTree = "<group>"; };
		DCA9B6AD1DDDF7AB007BE9DC /* haha.png */ = {isa = PBXFileReference; lastKnownFileType = image.png; path = haha.png; sourceTree = "<group>"; };
		DCA9B6AE1DDDF7AB007BE9DC /* img.png */ = {isa = PBXFileReference; lastKnownFileType = image.png; path = img.png; sourceTree = "<group>"; };
		DCA9B6AF1DDDF7AB007BE9DC /* like.png */ = {isa = PBXFileReference; lastKnownFileType = image.png; path = like.png; sourceTree = "<group>"; };
		DCA9B6B01DDDF7AB007BE9DC /* love.png */ = {isa = PBXFileReference; lastKnownFileType = image.png; path = love.png; sourceTree = "<group>"; };
		DCA9B6B11DDDF7AB007BE9DC /* sad.png */ = {isa = PBXFileReference; lastKnownFileType = image.png; path = sad.png; sourceTree = "<group>"; };
		DCA9B6B21DDDF7AB007BE9DC /* share.png */ = {isa = PBXFileReference; lastKnownFileType = image.png; path = share.png; sourceTree = "<group>"; };
		DCA9B6B31DDDF7AB007BE9DC /* wow.png */ = {isa = PBXFileReference; lastKnownFileType = image.png; path = wow.png; sourceTree = "<group>"; };
		DCB330DA1DDEB87200D19F9C /* Popoer_ViewController.swift */ = {isa = PBXFileReference; fileEncoding = 4; lastKnownFileType = sourcecode.swift; path = Popoer_ViewController.swift; sourceTree = "<group>"; };
/* End PBXFileReference section */

/* Begin PBXFrameworksBuildPhase section */
		DCA9B68F1DDDF611007BE9DC /* Frameworks */ = {
			isa = PBXFrameworksBuildPhase;
			buildActionMask = 2147483647;
			files = (
			);
			runOnlyForDeploymentPostprocessing = 0;
		};
/* End PBXFrameworksBuildPhase section */

/* Begin PBXGroup section */
		DCA9B6891DDDF611007BE9DC = {
			isa = PBXGroup;
			children = (
				DCA9B6941DDDF611007BE9DC /* Pver */,
				DCA9B6931DDDF611007BE9DC /* Products */,
			);
			sourceTree = "<group>";
		};
		DCA9B6931DDDF611007BE9DC /* Products */ = {
			isa = PBXGroup;
			children = (
				DCA9B6921DDDF611007BE9DC /* Pver.app */,
			);
			name = Products;
			sourceTree = "<group>";
		};
		DCA9B6941DDDF611007BE9DC /* Pver */ = {
			isa = PBXGroup;
			children = (
				DCA9B6951DDDF611007BE9DC /* AppDelegate.swift */,
				DCA9B6971DDDF611007BE9DC /* ViewController.swift */,
				DCA9B6991DDDF611007BE9DC /* Main.storyboard */,
				DCA9B69C1DDDF611007BE9DC /* Assets.xcassets */,
				DCA9B69E1DDDF611007BE9DC /* LaunchScreen.storyboard */,
				DCA9B6A11DDDF611007BE9DC /* Info.plist */,
				DCA9B6A71DDDF78B007BE9DC /* source */,
				DCB330DA1DDEB87200D19F9C /* Popoer_ViewController.swift */,
			);
			path = Pver;
			sourceTree = "<group>";
		};
		DCA9B6A71DDDF78B007BE9DC /* source */ = {
			isa = PBXGroup;
			children = (
				DCA9B6A81DDDF7AB007BE9DC /* angry.png */,
				DC9028C61DDEACF700FE4F16 /* avata1.jpg */,
				DCA9B6AB1DDDF7AB007BE9DC /* comment.png */,
				DCA9B6AC1DDDF7AB007BE9DC /* greyLike.png */,
				DC5447361DDEAFEA006C1149 /* img.jpeg */,
				DCA9B6AD1DDDF7AB007BE9DC /* haha.png */,
				DCA9B6AE1DDDF7AB007BE9DC /* img.png */,
				DCA9B6AF1DDDF7AB007BE9DC /* like.png */,
				DCA9B6B01DDDF7AB007BE9DC /* love.png */,
				DCA9B6B11DDDF7AB007BE9DC /* sad.png */,
				DCA9B6B21DDDF7AB007BE9DC /* share.png */,
				DCA9B6B31DDDF7AB007BE9DC /* wow.png */,
			);
			name = source;
			sourceTree = "<group>";
		};
/* End PBXGroup section */

/* Begin PBXNativeTarget section */
		DCA9B6911DDDF611007BE9DC /* Pver */ = {
			isa = PBXNativeTarget;
			buildConfigurationList = DCA9B6A41DDDF611007BE9DC /* Build configuration list for PBXNativeTarget "Pver" */;
			buildPhases = (
				DCA9B68E1DDDF611007BE9DC /* Sources */,
				DCA9B68F1DDDF611007BE9DC /* Frameworks */,
				DCA9B6901DDDF611007BE9DC /* Resources */,
			);
			buildRules = (
			);
			dependencies = (
			);
			name = Pver;
			productName = Pver;
			productReference = DCA9B6921DDDF611007BE9DC /* Pver.app */;
			productType = "com.apple.product-type.application";
		};
/* End PBXNativeTarget section */

/* Begin PBXProject section */
		DCA9B68A1DDDF611007BE9DC /* Project object */ = {
			isa = PBXProject;
			attributes = {
				LastSwiftUpdateCheck = 0810;
				LastUpgradeCheck = 0810;
				ORGANIZATIONNAME = doantuan;
				TargetAttributes = {
					DCA9B6911DDDF611007BE9DC = {
						CreatedOnToolsVersion = 8.1;
						DevelopmentTeam = 25ZS53YZR8;
						ProvisioningStyle = Automatic;
					};
				};
			};
			buildConfigurationList = DCA9B68D1DDDF611007BE9DC /* Build configuration list for PBXProject "Pver" */;
			compatibilityVersion = "Xcode 3.2";
			developmentRegion = English;
			hasScannedForEncodings = 0;
			knownRegions = (
				en,
				Base,
			);
			mainGroup = DCA9B6891DDDF611007BE9DC;
			productRefGroup = DCA9B6931DDDF611007BE9DC /* Products */;
			projectDirPath = "";
			projectRoot = "";
			targets = (
				DCA9B6911DDDF611007BE9DC /* Pver */,
			);
		};
/* End PBXProject section */

/* Begin PBXResourcesBuildPhase section */
		DCA9B6901DDDF611007BE9DC /* Resources */ = {
			isa = PBXResourcesBuildPhase;
			buildActionMask = 2147483647;
			files = (
				DCA9B6A01DDDF611007BE9DC /* LaunchScreen.storyboard in Resources */,
				DCA9B6B41DDDF7AB007BE9DC /* angry.png in Resources */,
				DCA9B6B91DDDF7AB007BE9DC /* haha.png in Resources */,
				DCA9B6BE1DDDF7AB007BE9DC /* share.png in Resources */,
				DCA9B69D1DDDF611007BE9DC /* Assets.xcassets in Resources */,
				DCA9B6B81DDDF7AB007BE9DC /* greyLike.png in Resources */,
				DCA9B6BC1DDDF7AB007BE9DC /* love.png in Resources */,
				DCA9B6BD1DDDF7AB007BE9DC /* sad.png in Resources */,
				DCA9B6BA1DDDF7AB007BE9DC /* img.png in Resources */,
				DC9028C71DDEACF700FE4F16 /* avata1.jpg in Resources */,
				DCA9B6BF1DDDF7AB007BE9DC /* wow.png in Resources */,
				DCA9B69B1DDDF611007BE9DC /* Main.storyboard in Resources */,
				DCA9B6B71DDDF7AB007BE9DC /* comment.png in Resources */,
				DC5447371DDEAFEA006C1149 /* img.jpeg in Resources */,
				DCA9B6BB1DDDF7AB007BE9DC /* like.png in Resources */,
			);
			runOnlyForDeploymentPostprocessing = 0;
		};
/* End PBXResourcesBuildPhase section */

/* Begin PBXSourcesBuildPhase section */
		DCA9B68E1DDDF611007BE9DC /* Sources */ = {
			isa = PBXSourcesBuildPhase;
			buildActionMask = 2147483647;
			files = (
				DCA9B6981DDDF611007BE9DC /* ViewController.swift in Sources */,
				DCB330DB1DDEB87200D19F9C /* Popoer_ViewController.swift in Sources */,
				DCA9B6961DDDF611007BE9DC /* AppDelegate.swift in Sources */,
			);
			runOnlyForDeploymentPostprocessing = 0;
		};
/* End PBXSourcesBuildPhase section */

/* Begin PBXVariantGroup section */
		DCA9B6991DDDF611007BE9DC /* Main.storyboard */ = {
			isa = PBXVariantGroup;
			children = (
				DCA9B69A1DDDF611007BE9DC /* Base */,
			);
			name = Main.storyboard;
			sourceTree = "<group>";
		};
		DCA9B69E1DDDF611007BE9DC /* LaunchScreen.storyboard */ = {
			isa = PBXVariantGroup;
			children = (
				DCA9B69F1DDDF611007BE9DC /* Base */,
			);
			name = LaunchScreen.storyboard;
			sourceTree = "<group>";
		};
/* End PBXVariantGroup section */

/* Begin XCBuildConfiguration section */
		DCA9B6A21DDDF611007BE9DC /* Debug */ = {
			isa = XCBuildConfiguration;
			buildSettings = {
				ALWAYS_SEARCH_USER_PATHS = NO;
				CLANG_ANALYZER_NONNULL = YES;
				CLANG_CXX_LANGUAGE_STANDARD = "gnu++0x";
				CLANG_CXX_LIBRARY = "libc++";
				CLANG_ENABLE_MODULES = YES;
				CLANG_ENABLE_OBJC_ARC = YES;
				CLANG_WARN_BOOL_CONVERSION = YES;
				CLANG_WARN_CONSTANT_CONVERSION = YES;
				CLANG_WARN_DIRECT_OBJC_ISA_USAGE = YES_ERROR;
				CLANG_WARN_DOCUMENTATION_COMMENTS = YES;
				CLANG_WARN_EMPTY_BODY = YES;
				CLANG_WARN_ENUM_CONVERSION = YES;
				CLANG_WARN_INFINITE_RECURSION = YES;
				CLANG_WARN_INT_CONVERSION = YES;
				CLANG_WARN_OBJC_ROOT_CLASS = YES_ERROR;
				CLANG_WARN_SUSPICIOUS_MOVES = YES;
				CLANG_WARN_UNREACHABLE_CODE = YES;
				CLANG_WARN__DUPLICATE_METHOD_MATCH = YES;
				"CODE_SIGN_IDENTITY[sdk=iphoneos*]" = "iPhone Developer";
				COPY_PHASE_STRIP = NO;
				DEBUG_INFORMATION_FORMAT = dwarf;
				ENABLE_STRICT_OBJC_MSGSEND = YES;
				ENABLE_TESTABILITY = YES;
				GCC_C_LANGUAGE_STANDARD = gnu99;
				GCC_DYNAMIC_NO_PIC = NO;
				GCC_NO_COMMON_BLOCKS = YES;
				GCC_OPTIMIZATION_LEVEL = 0;
				GCC_PREPROCESSOR_DEFINITIONS = (
					"DEBUG=1",
					"$(inherited)",
				);
				GCC_WARN_64_TO_32_BIT_CONVERSION = YES;
				GCC_WARN_ABOUT_RETURN_TYPE = YES_ERROR;
				GCC_WARN_UNDECLARED_SELECTOR = YES;
				GCC_WARN_UNINITIALIZED_AUTOS = YES_AGGRESSIVE;
				GCC_WARN_UNUSED_FUNCTION = YES;
				GCC_WARN_UNUSED_VARIABLE = YES;
				IPHONEOS_DEPLOYMENT_TARGET = 10.1;
				MTL_ENABLE_DEBUG_INFO = YES;
				ONLY_ACTIVE_ARCH = YES;
				SDKROOT = iphoneos;
				SWIFT_ACTIVE_COMPILATION_CONDITIONS = DEBUG;
				SWIFT_OPTIMIZATION_LEVEL = "-Onone";
			};
			name = Debug;
		};
		DCA9B6A31DDDF611007BE9DC /* Release */ = {
			isa = XCBuildConfiguration;
			buildSettings = {
				ALWAYS_SEARCH_USER_PATHS = NO;
				CLANG_ANALYZER_NONNULL = YES;
				CLANG_CXX_LANGUAGE_STANDARD = "gnu++0x";
				CLANG_CXX_LIBRARY = "libc++";
				CLANG_ENABLE_MODULES = YES;
				CLANG_ENABLE_OBJC_ARC = YES;
				CLANG_WARN_BOOL_CONVERSION = YES;
				CLANG_WARN_CONSTANT_CONVERSION = YES;
				CLANG_WARN_DIRECT_OBJC_ISA_USAGE = YES_ERROR;
				CLANG_WARN_DOCUMENTATION_COMMENTS = YES;
				CLANG_WARN_EMPTY_BODY = YES;
				CLANG_WARN_ENUM_CONVERSION = YES;
				CLANG_WARN_INFINITE_RECURSION = YES;
				CLANG_WARN_INT_CONVERSION = YES;
				CLANG_WARN_OBJC_ROOT_CLASS = YES_ERROR;
				CLANG_WARN_SUSPICIOUS_MOVES = YES;
				CLANG_WARN_UNREACHABLE_CODE = YES;
				CLANG_WARN__DUPLICATE_METHOD_MATCH = YES;
				"CODE_SIGN_IDENTITY[sdk=iphoneos*]" = "iPhone Developer";
				COPY_PHASE_STRIP = NO;
				DEBUG_INFORMATION_FORMAT = "dwarf-with-dsym";
				ENABLE_NS_ASSERTIONS = NO;
				ENABLE_STRICT_OBJC_MSGSEND = YES;
				GCC_C_LANGUAGE_STANDARD = gnu99;
				GCC_NO_COMMON_BLOCKS = YES;
				GCC_WARN_64_TO_32_BIT_CONVERSION = YES;
				GCC_WARN_ABOUT_RETURN_TYPE = YES_ERROR;
				GCC_WARN_UNDECLARED_SELECTOR = YES;
				GCC_WARN_UNINITIALIZED_AUTOS = YES_AGGRESSIVE;
				GCC_WARN_UNUSED_FUNCTION = YES;
				GCC_WARN_UNUSED_VARIABLE = YES;
				IPHONEOS_DEPLOYMENT_TARGET = 10.1;
				MTL_ENABLE_DEBUG_INFO = NO;
				SDKROOT = iphoneos;
				SWIFT_OPTIMIZATION_LEVEL = "-Owholemodule";
				VALIDATE_PRODUCT = YES;
			};
			name = Release;
		};
		DCA9B6A51DDDF611007BE9DC /* Debug */ = {
			isa = XCBuildConfiguration;
			buildSettings = {
				ASSETCATALOG_COMPILER_APPICON_NAME = AppIcon;
				DEVELOPMENT_TEAM = 25ZS53YZR8;
				INFOPLIST_FILE = Pver/Info.plist;
				LD_RUNPATH_SEARCH_PATHS = "$(inherited) @executable_path/Frameworks";
				PRODUCT_BUNDLE_IDENTIFIER = doantuan.Pver;
				PRODUCT_NAME = "$(TARGET_NAME)";
				SWIFT_VERSION = 3.0;
			};
			name = Debug;
		};
		DCA9B6A61DDDF611007BE9DC /* Release */ = {
			isa = XCBuildConfiguration;
			buildSettings = {
				ASSETCATALOG_COMPILER_APPICON_NAME = AppIcon;
				DEVELOPMENT_TEAM = 25ZS53YZR8;
				INFOPLIST_FILE = Pver/Info.plist;
				LD_RUNPATH_SEARCH_PATHS = "$(inherited) @executable_path/Frameworks";
				PRODUCT_BUNDLE_IDENTIFIER = doantuan.Pver;
				PRODUCT_NAME = "$(TARGET_NAME)";
				SWIFT_VERSION = 3.0;
			};
			name = Release;
		};
/* End XCBuildConfiguration section */

/* Begin XCConfigurationList section */
		DCA9B68D1DDDF611007BE9DC /* Build configuration list for PBXProject "Pver" */ = {
			isa = XCConfigurationList;
			buildConfigurations = (
				DCA9B6A21DDDF611007BE9DC /* Debug */,
				DCA9B6A31DDDF611007BE9DC /* Release */,
			);
			defaultConfigurationIsVisible = 0;
			defaultConfigurationName = Release;
		};
		DCA9B6A41DDDF611007BE9DC /* Build configuration list for PBXNativeTarget "Pver" */ = {
			isa = XCConfigurationList;
			buildConfigurations = (
				DCA9B6A51DDDF611007BE9DC /* Debug */,
				DCA9B6A61DDDF611007BE9DC /* Release */,
			);
			defaultConfigurationIsVisible = 0;
			defaultConfigurationName = Release;
		};
/* End XCConfigurationList section */
	};
	rootObject = DCA9B68A1DDDF611007BE9DC /* Project object */;
}
